dependencies:
- name: postgresql
  repository: oci://registry-1.docker.io/bitnamicharts
  version: 15.5.38
- name: rabbitmq
  repository: oci://registry-1.docker.io/bitnamicharts
  version: 15.0.7
- name: nats
  repository: oci://registry-1.docker.io/bitnamicharts
  version: 8.4.9
- name: pfcon
  repository: https://fnndsc.github.io/charts
  version: 0.2.3
- name: orthanc
  repository: https://fnndsc.github.io/charts
  version: 1.2.1
digest: sha256:a240cb8bcce4aaeee89a9e12ee91823ccd91b02348097ad6ae870b6772279b28
generated: "2024-11-24T20:40:40.623035774-05:00"
