dependencies:
- name: postgresql
  repository: oci://registry-1.docker.io/bitnamicharts
  version: 16.2.5
- name: rabbitmq
  repository: oci://registry-1.docker.io/bitnamicharts
  version: 15.1.0
- name: nats
  repository: oci://registry-1.docker.io/bitnamicharts
  version: 8.4.10
- name: pfcon
  repository: https://fnndsc.github.io/charts
  version: 1.0.0-alpha.2
- name: orthanc
  repository: https://fnndsc.github.io/charts
  version: 1.3.0
- name: util
  repository: https://fnndsc.github.io/charts
  version: 0.2.1
digest: sha256:a7f037bda46e9b04fd3264c66bc27edd9ec7e772814c291fe5f36981a7f2ddb7
generated: "2024-12-16T15:08:24.31922799-05:00"
